// !$*UTF8*$!
{
	archiveVersion = 1;
	classes = {
	};
	objectVersion = 56;
	objects = {

/* Begin PBXBuildFile section */
		C59695EA2C3C63D000CC2002 /* AppDelegate.swift in Sources */ = {isa = PBXBuildFile; fileRef = C59695E92C3C63D000CC2002 /* AppDelegate.swift */; };
		C59695EC2C3C63D000CC2002 /* SceneDelegate.swift in Sources */ = {isa = PBXBuildFile; fileRef = C59695EB2C3C63D000CC2002 /* SceneDelegate.swift */; };
		C59695EE2C3C63D000CC2002 /* ViewController.swift in Sources */ = {isa = PBXBuildFile; fileRef = C59695ED2C3C63D000CC2002 /* ViewController.swift */; };
		C59695F42C3C63D000CC2002 /* CoreDataLearn.xcdatamodeld in Sources */ = {isa = PBXBuildFile; fileRef = C59695F22C3C63D000CC2002 /* CoreDataLearn.xcdatamodeld */; };
		C59695F62C3C63D200CC2002 /* Assets.xcassets in Resources */ = {isa = PBXBuildFile; fileRef = C59695F52C3C63D200CC2002 /* Assets.xcassets */; };
		C59695F92C3C63D200CC2002 /* Base in Resources */ = {isa = PBXBuildFile; fileRef = C59695F82C3C63D200CC2002 /* Base */; };
		C59696022C3C646500CC2002 /* CoreManager.swift in Sources */ = {isa = PBXBuildFile; fileRef = C59696012C3C646500CC2002 /* CoreManager.swift */; };
		C59696052C3C685D00CC2002 /* Note+CoreDataClass.swift in Sources */ = {isa = PBXBuildFile; fileRef = C59696032C3C685D00CC2002 /* Note+CoreDataClass.swift */; };
/* End PBXBuildFile section */

/* Begin PBXFileReference section */
		C59695E62C3C63D000CC2002 /* CoreDataLearn.app */ = {isa = PBXFileReference; explicitFileType = wrapper.application; includeInIndex = 0; path = CoreDataLearn.app; sourceTree = BUILT_PRODUCTS_DIR; };
		C59695E92C3C63D000CC2002 /* AppDelegate.swift */ = {isa = PBXFileReference; lastKnownFileType = sourcecode.swift; path = AppDelegate.swift; sourceTree = "<group>"; };
		C59695EB2C3C63D000CC2002 /* SceneDelegate.swift */ = {isa = PBXFileReference; lastKnownFileType = sourcecode.swift; path = SceneDelegate.swift; sourceTree = "<group>"; };
		C59695ED2C3C63D000CC2002 /* ViewController.swift */ = {isa = PBXFileReference; lastKnownFileType = sourcecode.swift; path = ViewController.swift; sourceTree = "<group>"; };
		C59695F32C3C63D000CC2002 /* CoreDataLearn.xcdatamodel */ = {isa = PBXFileReference; lastKnownFileType = wrapper.xcdatamodel; path = CoreDataLearn.xcdatamodel; sourceTree = "<group>"; };
		C59695F52C3C63D200CC2002 /* Assets.xcassets */ = {isa = PBXFileReference; lastKnownFileType = folder.assetcatalog; path = Assets.xcassets; sourceTree = "<group>"; };
		C59695F82C3C63D200CC2002 /* Base */ = {isa = PBXFileReference; lastKnownFileType = file.storyboard; name = Base; path = Base.lproj/LaunchScreen.storyboard; sourceTree = "<group>"; };
		C59695FA2C3C63D200CC2002 /* Info.plist */ = {isa = PBXFileReference; lastKnownFileType = text.plist.xml; path = Info.plist; sourceTree = "<group>"; };
		C59696012C3C646500CC2002 /* CoreManager.swift */ = {isa = PBXFileReference; lastKnownFileType = sourcecode.swift; path = CoreManager.swift; sourceTree = "<group>"; };
		C59696032C3C685D00CC2002 /* Note+CoreDataClass.swift */ = {isa = PBXFileReference; lastKnownFileType = sourcecode.swift; path = "Note+CoreDataClass.swift"; sourceTree = "<group>"; };
/* End PBXFileReference section */

/* Begin PBXFrameworksBuildPhase section */
		C59695E32C3C63D000CC2002 /* Frameworks */ = {
			isa = PBXFrameworksBuildPhase;
			buildActionMask = 2147483647;
			files = (
			);
			runOnlyForDeploymentPostprocessing = 0;
		};
/* End PBXFrameworksBuildPhase section */

/* Begin PBXGroup section */
		C59695DD2C3C63D000CC2002 = {
			isa = PBXGroup;
			children = (
				C59695E82C3C63D000CC2002 /* CoreDataLearn */,
				C59695E72C3C63D000CC2002 /* Products */,
			);
			sourceTree = "<group>";
		};
		C59695E72C3C63D000CC2002 /* Products */ = {
			isa = PBXGroup;
			children = (
				C59695E62C3C63D000CC2002 /* CoreDataLearn.app */,
			);
			name = Products;
			sourceTree = "<group>";
		};
		C59695E82C3C63D000CC2002 /* CoreDataLearn */ = {
			isa = PBXGroup;
			children = (
				C59696002C3C645600CC2002 /* CoreManager */,
				C59695E92C3C63D000CC2002 /* AppDelegate.swift */,
				C59695EB2C3C63D000CC2002 /* SceneDelegate.swift */,
				C59695ED2C3C63D000CC2002 /* ViewController.swift */,
				C59695F52C3C63D200CC2002 /* Assets.xcassets */,
				C59695F72C3C63D200CC2002 /* LaunchScreen.storyboard */,
				C59695FA2C3C63D200CC2002 /* Info.plist */,
				C59695F22C3C63D000CC2002 /* CoreDataLearn.xcdatamodeld */,
			);
			path = CoreDataLearn;
			sourceTree = "<group>";
		};
		C59696002C3C645600CC2002 /* CoreManager */ = {
			isa = PBXGroup;
			children = (
				C59696032C3C685D00CC2002 /* Note+CoreDataClass.swift */,
				C59696012C3C646500CC2002 /* CoreManager.swift */,
			);
			path = CoreManager;
			sourceTree = "<group>";
		};
/* End PBXGroup section */

/* Begin PBXNativeTarget section */
		C59695E52C3C63D000CC2002 /* CoreDataLearn */ = {
			isa = PBXNativeTarget;
			buildConfigurationList = C59695FD2C3C63D200CC2002 /* Build configuration list for PBXNativeTarget "CoreDataLearn" */;
			buildPhases = (
				C59695E22C3C63D000CC2002 /* Sources */,
				C59695E32C3C63D000CC2002 /* Frameworks */,
				C59695E42C3C63D000CC2002 /* Resources */,
			);
			buildRules = (
			);
			dependencies = (
			);
			name = CoreDataLearn;
			productName = CoreDataLearn;
			productReference = C59695E62C3C63D000CC2002 /* CoreDataLearn.app */;
			productType = "com.apple.product-type.application";
		};
/* End PBXNativeTarget section */

/* Begin PBXProject section */
		C59695DE2C3C63D000CC2002 /* Project object */ = {
			isa = PBXProject;
			attributes = {
				BuildIndependentTargetsInParallel = 1;
				LastSwiftUpdateCheck = 1540;
				LastUpgradeCheck = 1540;
				TargetAttributes = {
					C59695E52C3C63D000CC2002 = {
						CreatedOnToolsVersion = 15.4;
					};
				};
			};
			buildConfigurationList = C59695E12C3C63D000CC2002 /* Build configuration list for PBXProject "CoreDataLearn" */;
			compatibilityVersion = "Xcode 14.0";
			developmentRegion = en;
			hasScannedForEncodings = 0;
			knownRegions = (
				en,
				Base,
			);
			mainGroup = C59695DD2C3C63D000CC2002;
			productRefGroup = C59695E72C3C63D000CC2002 /* Products */;
			projectDirPath = "";
			projectRoot = "";
			targets = (
				C59695E52C3C63D000CC2002 /* CoreDataLearn */,
			);
		};
/* End PBXProject section */

/* Begin PBXResourcesBuildPhase section */
		C59695E42C3C63D000CC2002 /* Resources */ = {
			isa = PBXResourcesBuildPhase;
			buildActionMask = 2147483647;
			files = (
				C59695F62C3C63D200CC2002 /* Assets.xcassets in Resources */,
				C59695F92C3C63D200CC2002 /* Base in Resources */,
			);
			runOnlyForDeploymentPostprocessing = 0;
		};
/* End PBXResourcesBuildPhase section */

/* Begin PBXSourcesBuildPhase section */
		C59695E22C3C63D000CC2002 /* Sources */ = {
			isa = PBXSourcesBuildPhase;
			buildActionMask = 2147483647;
			files = (
				C59695EE2C3C63D000CC2002 /* ViewController.swift in Sources */,
				C59695EA2C3C63D000CC2002 /* AppDelegate.swift in Sources */,
				C59696052C3C685D00CC2002 /* Note+CoreDataClass.swift in Sources */,
				C59695EC2C3C63D000CC2002 /* SceneDelegate.swift in Sources */,
				C59695F42C3C63D000CC2002 /* CoreDataLearn.xcdatamodeld in Sources */,
				C59696022C3C646500CC2002 /* CoreManager.swift in Sources */,
			);
			runOnlyForDeploymentPostprocessing = 0;
		};
/* End PBXSourcesBuildPhase section */

/* Begin PBXVariantGroup section */
		C59695F72C3C63D200CC2002 /* LaunchScreen.storyboard */ = {
			isa = PBXVariantGroup;
			children = (
				C59695F82C3C63D200CC2002 /* Base */,
			);
			name = LaunchScreen.storyboard;
			sourceTree = "<group>";
		};
/* End PBXVariantGroup section */

/* Begin XCBuildConfiguration section */
		C59695FB2C3C63D200CC2002 /* Debug */ = {
			isa = XCBuildConfiguration;
			buildSettings = {
				ALWAYS_SEARCH_USER_PATHS = NO;
				ASSETCATALOG_COMPILER_GENERATE_SWIFT_ASSET_SYMBOL_EXTENSIONS = YES;
				CLANG_ANALYZER_NONNULL = YES;
				CLANG_ANALYZER_NUMBER_OBJECT_CONVERSION = YES_AGGRESSIVE;
				CLANG_CXX_LANGUAGE_STANDARD = "gnu++20";
				CLANG_ENABLE_MODULES = YES;
				CLANG_ENABLE_OBJC_ARC = YES;
				CLANG_ENABLE_OBJC_WEAK = YES;
				CLANG_WARN_BLOCK_CAPTURE_AUTORELEASING = YES;
				CLANG_WARN_BOOL_CONVERSION = YES;
				CLANG_WARN_COMMA = YES;
				CLANG_WARN_CONSTANT_CONVERSION = YES;
				CLANG_WARN_DEPRECATED_OBJC_IMPLEMENTATIONS = YES;
				CLANG_WARN_DIRECT_OBJC_ISA_USAGE = YES_ERROR;
				CLANG_WARN_DOCUMENTATION_COMMENTS = YES;
				CLANG_WARN_EMPTY_BODY = YES;
				CLANG_WARN_ENUM_CONVERSION = YES;
				CLANG_WARN_INFINITE_RECURSION = YES;
				CLANG_WARN_INT_CONVERSION = YES;
				CLANG_WARN_NON_LITERAL_NULL_CONVERSION = YES;
				CLANG_WARN_OBJC_IMPLICIT_RETAIN_SELF = YES;
				CLANG_WARN_OBJC_LITERAL_CONVERSION = YES;
				CLANG_WARN_OBJC_ROOT_CLASS = YES_ERROR;
				CLANG_WARN_QUOTED_INCLUDE_IN_FRAMEWORK_HEADER = YES;
				CLANG_WARN_RANGE_LOOP_ANALYSIS = YES;
				CLANG_WARN_STRICT_PROTOTYPES = YES;
				CLANG_WARN_SUSPICIOUS_MOVE = YES;
				CLANG_WARN_UNGUARDED_AVAILABILITY = YES_AGGRESSIVE;
				CLANG_WARN_UNREACHABLE_CODE = YES;
				CLANG_WARN__DUPLICATE_METHOD_MATCH = YES;
				COPY_PHASE_STRIP = NO;
				DEBUG_INFORMATION_FORMAT = dwarf;
				ENABLE_STRICT_OBJC_MSGSEND = YES;
				ENABLE_TESTABILITY = YES;
				ENABLE_USER_SCRIPT_SANDBOXING = YES;
				GCC_C_LANGUAGE_STANDARD = gnu17;
				GCC_DYNAMIC_NO_PIC = NO;
				GCC_NO_COMMON_BLOCKS = YES;
				GCC_OPTIMIZATION_LEVEL = 0;
				GCC_PREPROCESSOR_DEFINITIONS = (
					"DEBUG=1",
					"$(inherited)",
				);
				GCC_WARN_64_TO_32_BIT_CONVERSION = YES;
				GCC_WARN_ABOUT_RETURN_TYPE = YES_ERROR;
				GCC_WARN_UNDECLARED_SELECTOR = YES;
				GCC_WARN_UNINITIALIZED_AUTOS = YES_AGGRESSIVE;
				GCC_WARN_UNUSED_FUNCTION = YES;
				GCC_WARN_UNUSED_VARIABLE = YES;
				IPHONEOS_DEPLOYMENT_TARGET = 17.5;
				LOCALIZATION_PREFERS_STRING_CATALOGS = YES;
				MTL_ENABLE_DEBUG_INFO = INCLUDE_SOURCE;
				MTL_FAST_MATH = YES;
				ONLY_ACTIVE_ARCH = YES;
				SDKROOT = iphoneos;
				SWIFT_ACTIVE_COMPILATION_CONDITIONS = "DEBUG $(inherited)";
				SWIFT_OPTIMIZATION_LEVEL = "-Onone";
			};
			name = Debug;
		};
		C59695FC2C3C63D200CC2002 /* Release */ = {
			isa = XCBuildConfiguration;
			buildSettings = {
				ALWAYS_SEARCH_USER_PATHS = NO;
				ASSETCATALOG_COMPILER_GENERATE_SWIFT_ASSET_SYMBOL_EXTENSIONS = YES;
				CLANG_ANALYZER_NONNULL = YES;
				CLANG_ANALYZER_NUMBER_OBJECT_CONVERSION = YES_AGGRESSIVE;
				CLANG_CXX_LANGUAGE_STANDARD = "gnu++20";
				CLANG_ENABLE_MODULES = YES;
				CLANG_ENABLE_OBJC_ARC = YES;
				CLANG_ENABLE_OBJC_WEAK = YES;
				CLANG_WARN_BLOCK_CAPTURE_AUTORELEASING = YES;
				CLANG_WARN_BOOL_CONVERSION = YES;
				CLANG_WARN_COMMA = YES;
				CLANG_WARN_CONSTANT_CONVERSION = YES;
				CLANG_WARN_DEPRECATED_OBJC_IMPLEMENTATIONS = YES;
				CLANG_WARN_DIRECT_OBJC_ISA_USAGE = YES_ERROR;
				CLANG_WARN_DOCUMENTATION_COMMENTS = YES;
				CLANG_WARN_EMPTY_BODY = YES;
				CLANG_WARN_ENUM_CONVERSION = YES;
				CLANG_WARN_INFINITE_RECURSION = YES;
				CLANG_WARN_INT_CONVERSION = YES;
				CLANG_WARN_NON_LITERAL_NULL_CONVERSION = YES;
				CLANG_WARN_OBJC_IMPLICIT_RETAIN_SELF = YES;
				CLANG_WARN_OBJC_LITERAL_CONVERSION = YES;
				CLANG_WARN_OBJC_ROOT_CLASS = YES_ERROR;
				CLANG_WARN_QUOTED_INCLUDE_IN_FRAMEWORK_HEADER = YES;
				CLANG_WARN_RANGE_LOOP_ANALYSIS = YES;
				CLANG_WARN_STRICT_PROTOTYPES = YES;
				CLANG_WARN_SUSPICIOUS_MOVE = YES;
				CLANG_WARN_UNGUARDED_AVAILABILITY = YES_AGGRESSIVE;
				CLANG_WARN_UNREACHABLE_CODE = YES;
				CLANG_WARN__DUPLICATE_METHOD_MATCH = YES;
				COPY_PHASE_STRIP = NO;
				DEBUG_INFORMATION_FORMAT = "dwarf-with-dsym";
				ENABLE_NS_ASSERTIONS = NO;
				ENABLE_STRICT_OBJC_MSGSEND = YES;
				ENABLE_USER_SCRIPT_SANDBOXING = YES;
				GCC_C_LANGUAGE_STANDARD = gnu17;
				GCC_NO_COMMON_BLOCKS = YES;
				GCC_WARN_64_TO_32_BIT_CONVERSION = YES;
				GCC_WARN_ABOUT_RETURN_TYPE = YES_ERROR;
				GCC_WARN_UNDECLARED_SELECTOR = YES;
				GCC_WARN_UNINITIALIZED_AUTOS = YES_AGGRESSIVE;
				GCC_WARN_UNUSED_FUNCTION = YES;
				GCC_WARN_UNUSED_VARIABLE = YES;
				IPHONEOS_DEPLOYMENT_TARGET = 17.5;
				LOCALIZATION_PREFERS_STRING_CATALOGS = YES;
				MTL_ENABLE_DEBUG_INFO = NO;
				MTL_FAST_MATH = YES;
				SDKROOT = iphoneos;
				SWIFT_COMPILATION_MODE = wholemodule;
				VALIDATE_PRODUCT = YES;
			};
			name = Release;
		};
		C59695FE2C3C63D200CC2002 /* Debug */ = {
			isa = XCBuildConfiguration;
			buildSettings = {
				ASSETCATALOG_COMPILER_APPICON_NAME = AppIcon;
				ASSETCATALOG_COMPILER_GLOBAL_ACCENT_COLOR_NAME = AccentColor;
				CODE_SIGN_STYLE = Automatic;
				CURRENT_PROJECT_VERSION = 1;
				DEVELOPMENT_TEAM = U2S6URFDMC;
				GENERATE_INFOPLIST_FILE = YES;
				INFOPLIST_FILE = CoreDataLearn/Info.plist;
				INFOPLIST_KEY_UIApplicationSupportsIndirectInputEvents = YES;
				INFOPLIST_KEY_UILaunchStoryboardName = LaunchScreen;
				INFOPLIST_KEY_UISupportedInterfaceOrientations_iPad = "UIInterfaceOrientationPortrait UIInterfaceOrientationPortraitUpsideDown UIInterfaceOrientationLandscapeLeft UIInterfaceOrientationLandscapeRight";
				INFOPLIST_KEY_UISupportedInterfaceOrientations_iPhone = "UIInterfaceOrientationPortrait UIInterfaceOrientationLandscapeLeft UIInterfaceOrientationLandscapeRight";
				LD_RUNPATH_SEARCH_PATHS = (
					"$(inherited)",
					"@executable_path/Frameworks",
				);
				MARKETING_VERSION = 1.0;
				PRODUCT_BUNDLE_IDENTIFIER = com.igorKrysin.CoreDataLearn;
				PRODUCT_NAME = "$(TARGET_NAME)";
				SWIFT_EMIT_LOC_STRINGS = YES;
				SWIFT_VERSION = 5.0;
				TARGETED_DEVICE_FAMILY = "1,2";
			};
			name = Debug;
		};
		C59695FF2C3C63D200CC2002 /* Release */ = {
			isa = XCBuildConfiguration;
			buildSettings = {
				ASSETCATALOG_COMPILER_APPICON_NAME = AppIcon;
				ASSETCATALOG_COMPILER_GLOBAL_ACCENT_COLOR_NAME = AccentColor;
				CODE_SIGN_STYLE = Automatic;
				CURRENT_PROJECT_VERSION = 1;
				DEVELOPMENT_TEAM = U2S6URFDMC;
				GENERATE_INFOPLIST_FILE = YES;
				INFOPLIST_FILE = CoreDataLearn/Info.plist;
				INFOPLIST_KEY_UIApplicationSupportsIndirectInputEvents = YES;
				INFOPLIST_KEY_UILaunchStoryboardName = LaunchScreen;
				INFOPLIST_KEY_UISupportedInterfaceOrientations_iPad = "UIInterfaceOrientationPortrait UIInterfaceOrientationPortraitUpsideDown UIInterfaceOrientationLandscapeLeft UIInterfaceOrientationLandscapeRight";
				INFOPLIST_KEY_UISupportedInterfaceOrientations_iPhone = "UIInterfaceOrientationPortrait UIInterfaceOrientationLandscapeLeft UIInterfaceOrientationLandscapeRight";
				LD_RUNPATH_SEARCH_PATHS = (
					"$(inherited)",
					"@executable_path/Frameworks",
				);
				MARKETING_VERSION = 1.0;
				PRODUCT_BUNDLE_IDENTIFIER = com.igorKrysin.CoreDataLearn;
				PRODUCT_NAME = "$(TARGET_NAME)";
				SWIFT_EMIT_LOC_STRINGS = YES;
				SWIFT_VERSION = 5.0;
				TARGETED_DEVICE_FAMILY = "1,2";
			};
			name = Release;
		};
/* End XCBuildConfiguration section */

/* Begin XCConfigurationList section */
		C59695E12C3C63D000CC2002 /* Build configuration list for PBXProject "CoreDataLearn" */ = {
			isa = XCConfigurationList;
			buildConfigurations = (
				C59695FB2C3C63D200CC2002 /* Debug */,
				C59695FC2C3C63D200CC2002 /* Release */,
			);
			defaultConfigurationIsVisible = 0;
			defaultConfigurationName = Release;
		};
		C59695FD2C3C63D200CC2002 /* Build configuration list for PBXNativeTarget "CoreDataLearn" */ = {
			isa = XCConfigurationList;
			buildConfigurations = (
				C59695FE2C3C63D200CC2002 /* Debug */,
				C59695FF2C3C63D200CC2002 /* Release */,
			);
			defaultConfigurationIsVisible = 0;
			defaultConfigurationName = Release;
		};
/* End XCConfigurationList section */

/* Begin XCVersionGroup section */
		C59695F22C3C63D000CC2002 /* CoreDataLearn.xcdatamodeld */ = {
			isa = XCVersionGroup;
			children = (
				C59695F32C3C63D000CC2002 /* CoreDataLearn.xcdatamodel */,
			);
			currentVersion = C59695F32C3C63D000CC2002 /* CoreDataLearn.xcdatamodel */;
			path = CoreDataLearn.xcdatamodeld;
			sourceTree = "<group>";
			versionGroupType = wrapper.xcdatamodel;
		};
/* End XCVersionGroup section */
	};
	rootObject = C59695DE2C3C63D000CC2002 /* Project object */;
}
