// !$*UTF8*$!
{
	archiveVersion = 1;
	classes = {
	};
	objectVersion = 56;
	objects = {

/* Begin PBXBuildFile section */
		C56424B72C565E9A0068685A /* Sui_HW_4_NavigationApp.swift in Sources */ = {isa = PBXBuildFile; fileRef = C56424B62C565E9A0068685A /* Sui_HW_4_NavigationApp.swift */; };
		C56424B92C565E9A0068685A /* ContentView.swift in Sources */ = {isa = PBXBuildFile; fileRef = C56424B82C565E9A0068685A /* ContentView.swift */; };
		C56424BB2C565E9C0068685A /* Assets.xcassets in Resources */ = {isa = PBXBuildFile; fileRef = C56424BA2C565E9C0068685A /* Assets.xcassets */; };
		C56424BE2C565E9C0068685A /* Preview Assets.xcassets in Resources */ = {isa = PBXBuildFile; fileRef = C56424BD2C565E9C0068685A /* Preview Assets.xcassets */; };
		C56424CC2C5660570068685A /* TableItem.swift in Sources */ = {isa = PBXBuildFile; fileRef = C56424CB2C5660570068685A /* TableItem.swift */; };
		C56424CF2C56607A0068685A /* TableItemModel.swift in Sources */ = {isa = PBXBuildFile; fileRef = C56424CE2C56607A0068685A /* TableItemModel.swift */; };
		C56424D12C566E3D0068685A /* DescriptionAppartItem.swift in Sources */ = {isa = PBXBuildFile; fileRef = C56424D02C566E3D0068685A /* DescriptionAppartItem.swift */; };
		C56424D72C582D040068685A /* CardAppartView.swift in Sources */ = {isa = PBXBuildFile; fileRef = C56424D62C582D040068685A /* CardAppartView.swift */; };
/* End PBXBuildFile section */

/* Begin PBXFileReference section */
		C56424B32C565E9A0068685A /* Sui HW 4 Navigation.app */ = {isa = PBXFileReference; explicitFileType = wrapper.application; includeInIndex = 0; path = "Sui HW 4 Navigation.app"; sourceTree = BUILT_PRODUCTS_DIR; };
		C56424B62C565E9A0068685A /* Sui_HW_4_NavigationApp.swift */ = {isa = PBXFileReference; lastKnownFileType = sourcecode.swift; path = Sui_HW_4_NavigationApp.swift; sourceTree = "<group>"; };
		C56424B82C565E9A0068685A /* ContentView.swift */ = {isa = PBXFileReference; lastKnownFileType = sourcecode.swift; path = ContentView.swift; sourceTree = "<group>"; };
		C56424BA2C565E9C0068685A /* Assets.xcassets */ = {isa = PBXFileReference; lastKnownFileType = folder.assetcatalog; path = Assets.xcassets; sourceTree = "<group>"; };
		C56424BD2C565E9C0068685A /* Preview Assets.xcassets */ = {isa = PBXFileReference; lastKnownFileType = folder.assetcatalog; path = "Preview Assets.xcassets"; sourceTree = "<group>"; };
		C56424CB2C5660570068685A /* TableItem.swift */ = {isa = PBXFileReference; lastKnownFileType = sourcecode.swift; path = TableItem.swift; sourceTree = "<group>"; };
		C56424CE2C56607A0068685A /* TableItemModel.swift */ = {isa = PBXFileReference; lastKnownFileType = sourcecode.swift; path = TableItemModel.swift; sourceTree = "<group>"; };
		C56424D02C566E3D0068685A /* DescriptionAppartItem.swift */ = {isa = PBXFileReference; lastKnownFileType = sourcecode.swift; path = DescriptionAppartItem.swift; sourceTree = "<group>"; };
		C56424D62C582D040068685A /* CardAppartView.swift */ = {isa = PBXFileReference; lastKnownFileType = sourcecode.swift; path = CardAppartView.swift; sourceTree = "<group>"; };
/* End PBXFileReference section */

/* Begin PBXFrameworksBuildPhase section */
		C56424B02C565E9A0068685A /* Frameworks */ = {
			isa = PBXFrameworksBuildPhase;
			buildActionMask = 2147483647;
			files = (
			);
			runOnlyForDeploymentPostprocessing = 0;
		};
/* End PBXFrameworksBuildPhase section */

/* Begin PBXGroup section */
		C56424AA2C565E9A0068685A = {
			isa = PBXGroup;
			children = (
				C56424B52C565E9A0068685A /* Sui HW 4 Navigation */,
				C56424B42C565E9A0068685A /* Products */,
			);
			sourceTree = "<group>";
		};
		C56424B42C565E9A0068685A /* Products */ = {
			isa = PBXGroup;
			children = (
				C56424B32C565E9A0068685A /* Sui HW 4 Navigation.app */,
			);
			name = Products;
			sourceTree = "<group>";
		};
		C56424B52C565E9A0068685A /* Sui HW 4 Navigation */ = {
			isa = PBXGroup;
			children = (
				C56424B62C565E9A0068685A /* Sui_HW_4_NavigationApp.swift */,
				C56424CD2C5660660068685A /* Models */,
				C56424CA2C56602A0068685A /* Items */,
				C56424C92C565FE10068685A /* Views */,
				C56424BA2C565E9C0068685A /* Assets.xcassets */,
				C56424BC2C565E9C0068685A /* Preview Content */,
			);
			path = "Sui HW 4 Navigation";
			sourceTree = "<group>";
		};
		C56424BC2C565E9C0068685A /* Preview Content */ = {
			isa = PBXGroup;
			children = (
				C56424BD2C565E9C0068685A /* Preview Assets.xcassets */,
			);
			path = "Preview Content";
			sourceTree = "<group>";
		};
		C56424C92C565FE10068685A /* Views */ = {
			isa = PBXGroup;
			children = (
				C56424B82C565E9A0068685A /* ContentView.swift */,
				C56424D62C582D040068685A /* CardAppartView.swift */,
			);
			path = Views;
			sourceTree = "<group>";
		};
		C56424CA2C56602A0068685A /* Items */ = {
			isa = PBXGroup;
			children = (
				C56424CB2C5660570068685A /* TableItem.swift */,
				C56424D02C566E3D0068685A /* DescriptionAppartItem.swift */,
			);
			path = Items;
			sourceTree = "<group>";
		};
		C56424CD2C5660660068685A /* Models */ = {
			isa = PBXGroup;
			children = (
				C56424CE2C56607A0068685A /* TableItemModel.swift */,
			);
			path = Models;
			sourceTree = "<group>";
		};
/* End PBXGroup section */

/* Begin PBXNativeTarget section */
		C56424B22C565E9A0068685A /* Sui HW 4 Navigation */ = {
			isa = PBXNativeTarget;
			buildConfigurationList = C56424C12C565E9C0068685A /* Build configuration list for PBXNativeTarget "Sui HW 4 Navigation" */;
			buildPhases = (
				C56424AF2C565E9A0068685A /* Sources */,
				C56424B02C565E9A0068685A /* Frameworks */,
				C56424B12C565E9A0068685A /* Resources */,
			);
			buildRules = (
			);
			dependencies = (
			);
			name = "Sui HW 4 Navigation";
			productName = "Sui HW 4 Navigation";
			productReference = C56424B32C565E9A0068685A /* Sui HW 4 Navigation.app */;
			productType = "com.apple.product-type.application";
		};
/* End PBXNativeTarget section */

/* Begin PBXProject section */
		C56424AB2C565E9A0068685A /* Project object */ = {
			isa = PBXProject;
			attributes = {
				BuildIndependentTargetsInParallel = 1;
				LastSwiftUpdateCheck = 1540;
				LastUpgradeCheck = 1540;
				TargetAttributes = {
					C56424B22C565E9A0068685A = {
						CreatedOnToolsVersion = 15.4;
					};
				};
			};
			buildConfigurationList = C56424AE2C565E9A0068685A /* Build configuration list for PBXProject "Sui HW 4 Navigation" */;
			compatibilityVersion = "Xcode 14.0";
			developmentRegion = en;
			hasScannedForEncodings = 0;
			knownRegions = (
				en,
				Base,
			);
			mainGroup = C56424AA2C565E9A0068685A;
			productRefGroup = C56424B42C565E9A0068685A /* Products */;
			projectDirPath = "";
			projectRoot = "";
			targets = (
				C56424B22C565E9A0068685A /* Sui HW 4 Navigation */,
			);
		};
/* End PBXProject section */

/* Begin PBXResourcesBuildPhase section */
		C56424B12C565E9A0068685A /* Resources */ = {
			isa = PBXResourcesBuildPhase;
			buildActionMask = 2147483647;
			files = (
				C56424BE2C565E9C0068685A /* Preview Assets.xcassets in Resources */,
				C56424BB2C565E9C0068685A /* Assets.xcassets in Resources */,
			);
			runOnlyForDeploymentPostprocessing = 0;
		};
/* End PBXResourcesBuildPhase section */

/* Begin PBXSourcesBuildPhase section */
		C56424AF2C565E9A0068685A /* Sources */ = {
			isa = PBXSourcesBuildPhase;
			buildActionMask = 2147483647;
			files = (
				C56424B92C565E9A0068685A /* ContentView.swift in Sources */,
				C56424CC2C5660570068685A /* TableItem.swift in Sources */,
				C56424B72C565E9A0068685A /* Sui_HW_4_NavigationApp.swift in Sources */,
				C56424CF2C56607A0068685A /* TableItemModel.swift in Sources */,
				C56424D72C582D040068685A /* CardAppartView.swift in Sources */,
				C56424D12C566E3D0068685A /* DescriptionAppartItem.swift in Sources */,
			);
			runOnlyForDeploymentPostprocessing = 0;
		};
/* End PBXSourcesBuildPhase section */

/* Begin XCBuildConfiguration section */
		C56424BF2C565E9C0068685A /* Debug */ = {
			isa = XCBuildConfiguration;
			buildSettings = {
				ALWAYS_SEARCH_USER_PATHS = NO;
				ASSETCATALOG_COMPILER_GENERATE_SWIFT_ASSET_SYMBOL_EXTENSIONS = YES;
				CLANG_ANALYZER_NONNULL = YES;
				CLANG_ANALYZER_NUMBER_OBJECT_CONVERSION = YES_AGGRESSIVE;
				CLANG_CXX_LANGUAGE_STANDARD = "gnu++20";
				CLANG_ENABLE_MODULES = YES;
				CLANG_ENABLE_OBJC_ARC = YES;
				CLANG_ENABLE_OBJC_WEAK = YES;
				CLANG_WARN_BLOCK_CAPTURE_AUTORELEASING = YES;
				CLANG_WARN_BOOL_CONVERSION = YES;
				CLANG_WARN_COMMA = YES;
				CLANG_WARN_CONSTANT_CONVERSION = YES;
				CLANG_WARN_DEPRECATED_OBJC_IMPLEMENTATIONS = YES;
				CLANG_WARN_DIRECT_OBJC_ISA_USAGE = YES_ERROR;
				CLANG_WARN_DOCUMENTATION_COMMENTS = YES;
				CLANG_WARN_EMPTY_BODY = YES;
				CLANG_WARN_ENUM_CONVERSION = YES;
				CLANG_WARN_INFINITE_RECURSION = YES;
				CLANG_WARN_INT_CONVERSION = YES;
				CLANG_WARN_NON_LITERAL_NULL_CONVERSION = YES;
				CLANG_WARN_OBJC_IMPLICIT_RETAIN_SELF = YES;
				CLANG_WARN_OBJC_LITERAL_CONVERSION = YES;
				CLANG_WARN_OBJC_ROOT_CLASS = YES_ERROR;
				CLANG_WARN_QUOTED_INCLUDE_IN_FRAMEWORK_HEADER = YES;
				CLANG_WARN_RANGE_LOOP_ANALYSIS = YES;
				CLANG_WARN_STRICT_PROTOTYPES = YES;
				CLANG_WARN_SUSPICIOUS_MOVE = YES;
				CLANG_WARN_UNGUARDED_AVAILABILITY = YES_AGGRESSIVE;
				CLANG_WARN_UNREACHABLE_CODE = YES;
				CLANG_WARN__DUPLICATE_METHOD_MATCH = YES;
				COPY_PHASE_STRIP = NO;
				DEBUG_INFORMATION_FORMAT = dwarf;
				ENABLE_STRICT_OBJC_MSGSEND = YES;
				ENABLE_TESTABILITY = YES;
				ENABLE_USER_SCRIPT_SANDBOXING = YES;
				GCC_C_LANGUAGE_STANDARD = gnu17;
				GCC_DYNAMIC_NO_PIC = NO;
				GCC_NO_COMMON_BLOCKS = YES;
				GCC_OPTIMIZATION_LEVEL = 0;
				GCC_PREPROCESSOR_DEFINITIONS = (
					"DEBUG=1",
					"$(inherited)",
				);
				GCC_WARN_64_TO_32_BIT_CONVERSION = YES;
				GCC_WARN_ABOUT_RETURN_TYPE = YES_ERROR;
				GCC_WARN_UNDECLARED_SELECTOR = YES;
				GCC_WARN_UNINITIALIZED_AUTOS = YES_AGGRESSIVE;
				GCC_WARN_UNUSED_FUNCTION = YES;
				GCC_WARN_UNUSED_VARIABLE = YES;
				IPHONEOS_DEPLOYMENT_TARGET = 17.5;
				LOCALIZATION_PREFERS_STRING_CATALOGS = YES;
				MTL_ENABLE_DEBUG_INFO = INCLUDE_SOURCE;
				MTL_FAST_MATH = YES;
				ONLY_ACTIVE_ARCH = YES;
				SDKROOT = iphoneos;
				SWIFT_ACTIVE_COMPILATION_CONDITIONS = "DEBUG $(inherited)";
				SWIFT_OPTIMIZATION_LEVEL = "-Onone";
			};
			name = Debug;
		};
		C56424C02C565E9C0068685A /* Release */ = {
			isa = XCBuildConfiguration;
			buildSettings = {
				ALWAYS_SEARCH_USER_PATHS = NO;
				ASSETCATALOG_COMPILER_GENERATE_SWIFT_ASSET_SYMBOL_EXTENSIONS = YES;
				CLANG_ANALYZER_NONNULL = YES;
				CLANG_ANALYZER_NUMBER_OBJECT_CONVERSION = YES_AGGRESSIVE;
				CLANG_CXX_LANGUAGE_STANDARD = "gnu++20";
				CLANG_ENABLE_MODULES = YES;
				CLANG_ENABLE_OBJC_ARC = YES;
				CLANG_ENABLE_OBJC_WEAK = YES;
				CLANG_WARN_BLOCK_CAPTURE_AUTORELEASING = YES;
				CLANG_WARN_BOOL_CONVERSION = YES;
				CLANG_WARN_COMMA = YES;
				CLANG_WARN_CONSTANT_CONVERSION = YES;
				CLANG_WARN_DEPRECATED_OBJC_IMPLEMENTATIONS = YES;
				CLANG_WARN_DIRECT_OBJC_ISA_USAGE = YES_ERROR;
				CLANG_WARN_DOCUMENTATION_COMMENTS = YES;
				CLANG_WARN_EMPTY_BODY = YES;
				CLANG_WARN_ENUM_CONVERSION = YES;
				CLANG_WARN_INFINITE_RECURSION = YES;
				CLANG_WARN_INT_CONVERSION = YES;
				CLANG_WARN_NON_LITERAL_NULL_CONVERSION = YES;
				CLANG_WARN_OBJC_IMPLICIT_RETAIN_SELF = YES;
				CLANG_WARN_OBJC_LITERAL_CONVERSION = YES;
				CLANG_WARN_OBJC_ROOT_CLASS = YES_ERROR;
				CLANG_WARN_QUOTED_INCLUDE_IN_FRAMEWORK_HEADER = YES;
				CLANG_WARN_RANGE_LOOP_ANALYSIS = YES;
				CLANG_WARN_STRICT_PROTOTYPES = YES;
				CLANG_WARN_SUSPICIOUS_MOVE = YES;
				CLANG_WARN_UNGUARDED_AVAILABILITY = YES_AGGRESSIVE;
				CLANG_WARN_UNREACHABLE_CODE = YES;
				CLANG_WARN__DUPLICATE_METHOD_MATCH = YES;
				COPY_PHASE_STRIP = NO;
				DEBUG_INFORMATION_FORMAT = "dwarf-with-dsym";
				ENABLE_NS_ASSERTIONS = NO;
				ENABLE_STRICT_OBJC_MSGSEND = YES;
				ENABLE_USER_SCRIPT_SANDBOXING = YES;
				GCC_C_LANGUAGE_STANDARD = gnu17;
				GCC_NO_COMMON_BLOCKS = YES;
				GCC_WARN_64_TO_32_BIT_CONVERSION = YES;
				GCC_WARN_ABOUT_RETURN_TYPE = YES_ERROR;
				GCC_WARN_UNDECLARED_SELECTOR = YES;
				GCC_WARN_UNINITIALIZED_AUTOS = YES_AGGRESSIVE;
				GCC_WARN_UNUSED_FUNCTION = YES;
				GCC_WARN_UNUSED_VARIABLE = YES;
				IPHONEOS_DEPLOYMENT_TARGET = 17.5;
				LOCALIZATION_PREFERS_STRING_CATALOGS = YES;
				MTL_ENABLE_DEBUG_INFO = NO;
				MTL_FAST_MATH = YES;
				SDKROOT = iphoneos;
				SWIFT_COMPILATION_MODE = wholemodule;
				VALIDATE_PRODUCT = YES;
			};
			name = Release;
		};
		C56424C22C565E9C0068685A /* Debug */ = {
			isa = XCBuildConfiguration;
			buildSettings = {
				ASSETCATALOG_COMPILER_APPICON_NAME = AppIcon;
				ASSETCATALOG_COMPILER_GLOBAL_ACCENT_COLOR_NAME = AccentColor;
				CODE_SIGN_STYLE = Automatic;
				CURRENT_PROJECT_VERSION = 1;
				DEVELOPMENT_ASSET_PATHS = "\"Sui HW 4 Navigation/Preview Content\"";
				DEVELOPMENT_TEAM = U2S6URFDMC;
				ENABLE_PREVIEWS = YES;
				GENERATE_INFOPLIST_FILE = YES;
				INFOPLIST_KEY_UIApplicationSceneManifest_Generation = YES;
				INFOPLIST_KEY_UIApplicationSupportsIndirectInputEvents = YES;
				INFOPLIST_KEY_UILaunchScreen_Generation = YES;
				INFOPLIST_KEY_UISupportedInterfaceOrientations_iPad = "UIInterfaceOrientationPortrait UIInterfaceOrientationPortraitUpsideDown UIInterfaceOrientationLandscapeLeft UIInterfaceOrientationLandscapeRight";
				INFOPLIST_KEY_UISupportedInterfaceOrientations_iPhone = "UIInterfaceOrientationPortrait UIInterfaceOrientationLandscapeLeft UIInterfaceOrientationLandscapeRight";
				LD_RUNPATH_SEARCH_PATHS = (
					"$(inherited)",
					"@executable_path/Frameworks",
				);
				MARKETING_VERSION = 1.0;
				PRODUCT_BUNDLE_IDENTIFIER = "com.igorKrysin.Sui-HW-4-Navigation";
				PRODUCT_NAME = "$(TARGET_NAME)";
				SWIFT_EMIT_LOC_STRINGS = YES;
				SWIFT_VERSION = 5.0;
				TARGETED_DEVICE_FAMILY = "1,2";
			};
			name = Debug;
		};
		C56424C32C565E9C0068685A /* Release */ = {
			isa = XCBuildConfiguration;
			buildSettings = {
				ASSETCATALOG_COMPILER_APPICON_NAME = AppIcon;
				ASSETCATALOG_COMPILER_GLOBAL_ACCENT_COLOR_NAME = AccentColor;
				CODE_SIGN_STYLE = Automatic;
				CURRENT_PROJECT_VERSION = 1;
				DEVELOPMENT_ASSET_PATHS = "\"Sui HW 4 Navigation/Preview Content\"";
				DEVELOPMENT_TEAM = U2S6URFDMC;
				ENABLE_PREVIEWS = YES;
				GENERATE_INFOPLIST_FILE = YES;
				INFOPLIST_KEY_UIApplicationSceneManifest_Generation = YES;
				INFOPLIST_KEY_UIApplicationSupportsIndirectInputEvents = YES;
				INFOPLIST_KEY_UILaunchScreen_Generation = YES;
				INFOPLIST_KEY_UISupportedInterfaceOrientations_iPad = "UIInterfaceOrientationPortrait UIInterfaceOrientationPortraitUpsideDown UIInterfaceOrientationLandscapeLeft UIInterfaceOrientationLandscapeRight";
				INFOPLIST_KEY_UISupportedInterfaceOrientations_iPhone = "UIInterfaceOrientationPortrait UIInterfaceOrientationLandscapeLeft UIInterfaceOrientationLandscapeRight";
				LD_RUNPATH_SEARCH_PATHS = (
					"$(inherited)",
					"@executable_path/Frameworks",
				);
				MARKETING_VERSION = 1.0;
				PRODUCT_BUNDLE_IDENTIFIER = "com.igorKrysin.Sui-HW-4-Navigation";
				PRODUCT_NAME = "$(TARGET_NAME)";
				SWIFT_EMIT_LOC_STRINGS = YES;
				SWIFT_VERSION = 5.0;
				TARGETED_DEVICE_FAMILY = "1,2";
			};
			name = Release;
		};
/* End XCBuildConfiguration section */

/* Begin XCConfigurationList section */
		C56424AE2C565E9A0068685A /* Build configuration list for PBXProject "Sui HW 4 Navigation" */ = {
			isa = XCConfigurationList;
			buildConfigurations = (
				C56424BF2C565E9C0068685A /* Debug */,
				C56424C02C565E9C0068685A /* Release */,
			);
			defaultConfigurationIsVisible = 0;
			defaultConfigurationName = Release;
		};
		C56424C12C565E9C0068685A /* Build configuration list for PBXNativeTarget "Sui HW 4 Navigation" */ = {
			isa = XCConfigurationList;
			buildConfigurations = (
				C56424C22C565E9C0068685A /* Debug */,
				C56424C32C565E9C0068685A /* Release */,
			);
			defaultConfigurationIsVisible = 0;
			defaultConfigurationName = Release;
		};
/* End XCConfigurationList section */
	};
	rootObject = C56424AB2C565E9A0068685A /* Project object */;
}
