// !$*UTF8*$!
{
	archiveVersion = 1;
	classes = {
	};
	objectVersion = 56;
	objects = {

/* Begin PBXBuildFile section */
		C54382542C2B34DE00DB7B27 /* AppDelegate.swift in Sources */ = {isa = PBXBuildFile; fileRef = C54382532C2B34DE00DB7B27 /* AppDelegate.swift */; };
		C54382562C2B34DE00DB7B27 /* SceneDelegate.swift in Sources */ = {isa = PBXBuildFile; fileRef = C54382552C2B34DE00DB7B27 /* SceneDelegate.swift */; };
		C54382582C2B34DE00DB7B27 /* ViewController.swift in Sources */ = {isa = PBXBuildFile; fileRef = C54382572C2B34DE00DB7B27 /* ViewController.swift */; };
		C543825D2C2B34DF00DB7B27 /* Assets.xcassets in Resources */ = {isa = PBXBuildFile; fileRef = C543825C2C2B34DF00DB7B27 /* Assets.xcassets */; };
		C54382602C2B34DF00DB7B27 /* Base in Resources */ = {isa = PBXBuildFile; fileRef = C543825F2C2B34DF00DB7B27 /* Base */; };
		C54382712C2B394D00DB7B27 /* RealmSwift in Frameworks */ = {isa = PBXBuildFile; productRef = C54382702C2B394D00DB7B27 /* RealmSwift */; };
		C54382752C2B3A0D00DB7B27 /* Note.swift in Sources */ = {isa = PBXBuildFile; fileRef = C54382742C2B3A0D00DB7B27 /* Note.swift */; };
		C54382772C2B3BCC00DB7B27 /* RealmManager.swift in Sources */ = {isa = PBXBuildFile; fileRef = C54382762C2B3BCC00DB7B27 /* RealmManager.swift */; };
/* End PBXBuildFile section */

/* Begin PBXFileReference section */
		C54382502C2B34DE00DB7B27 /* RealmProject.app */ = {isa = PBXFileReference; explicitFileType = wrapper.application; includeInIndex = 0; path = RealmProject.app; sourceTree = BUILT_PRODUCTS_DIR; };
		C54382532C2B34DE00DB7B27 /* AppDelegate.swift */ = {isa = PBXFileReference; lastKnownFileType = sourcecode.swift; path = AppDelegate.swift; sourceTree = "<group>"; };
		C54382552C2B34DE00DB7B27 /* SceneDelegate.swift */ = {isa = PBXFileReference; lastKnownFileType = sourcecode.swift; path = SceneDelegate.swift; sourceTree = "<group>"; };
		C54382572C2B34DE00DB7B27 /* ViewController.swift */ = {isa = PBXFileReference; lastKnownFileType = sourcecode.swift; path = ViewController.swift; sourceTree = "<group>"; };
		C543825C2C2B34DF00DB7B27 /* Assets.xcassets */ = {isa = PBXFileReference; lastKnownFileType = folder.assetcatalog; path = Assets.xcassets; sourceTree = "<group>"; };
		C543825F2C2B34DF00DB7B27 /* Base */ = {isa = PBXFileReference; lastKnownFileType = file.storyboard; name = Base; path = Base.lproj/LaunchScreen.storyboard; sourceTree = "<group>"; };
		C54382612C2B34DF00DB7B27 /* Info.plist */ = {isa = PBXFileReference; lastKnownFileType = text.plist.xml; path = Info.plist; sourceTree = "<group>"; };
		C54382742C2B3A0D00DB7B27 /* Note.swift */ = {isa = PBXFileReference; lastKnownFileType = sourcecode.swift; path = Note.swift; sourceTree = "<group>"; };
		C54382762C2B3BCC00DB7B27 /* RealmManager.swift */ = {isa = PBXFileReference; lastKnownFileType = sourcecode.swift; path = RealmManager.swift; sourceTree = "<group>"; };
/* End PBXFileReference section */

/* Begin PBXFrameworksBuildPhase section */
		C543824D2C2B34DE00DB7B27 /* Frameworks */ = {
			isa = PBXFrameworksBuildPhase;
			buildActionMask = 2147483647;
			files = (
				C54382712C2B394D00DB7B27 /* RealmSwift in Frameworks */,
			);
			runOnlyForDeploymentPostprocessing = 0;
		};
/* End PBXFrameworksBuildPhase section */

/* Begin PBXGroup section */
		C54382472C2B34DE00DB7B27 = {
			isa = PBXGroup;
			children = (
				C54382522C2B34DE00DB7B27 /* RealmProject */,
				C54382512C2B34DE00DB7B27 /* Products */,
			);
			sourceTree = "<group>";
		};
		C54382512C2B34DE00DB7B27 /* Products */ = {
			isa = PBXGroup;
			children = (
				C54382502C2B34DE00DB7B27 /* RealmProject.app */,
			);
			name = Products;
			sourceTree = "<group>";
		};
		C54382522C2B34DE00DB7B27 /* RealmProject */ = {
			isa = PBXGroup;
			children = (
				C54382722C2B39EE00DB7B27 /* DataBase */,
				C54382532C2B34DE00DB7B27 /* AppDelegate.swift */,
				C54382552C2B34DE00DB7B27 /* SceneDelegate.swift */,
				C54382682C2B360C00DB7B27 /* Screens */,
				C543825C2C2B34DF00DB7B27 /* Assets.xcassets */,
				C543825E2C2B34DF00DB7B27 /* LaunchScreen.storyboard */,
				C54382612C2B34DF00DB7B27 /* Info.plist */,
			);
			path = RealmProject;
			sourceTree = "<group>";
		};
		C54382682C2B360C00DB7B27 /* Screens */ = {
			isa = PBXGroup;
			children = (
				C54382692C2B361800DB7B27 /* MainVC */,
			);
			path = Screens;
			sourceTree = "<group>";
		};
		C54382692C2B361800DB7B27 /* MainVC */ = {
			isa = PBXGroup;
			children = (
				C543826C2C2B36B400DB7B27 /* Model */,
				C543826A2C2B363100DB7B27 /* View */,
				C543826B2C2B36AB00DB7B27 /* Controller */,
			);
			path = MainVC;
			sourceTree = "<group>";
		};
		C543826A2C2B363100DB7B27 /* View */ = {
			isa = PBXGroup;
			children = (
				C54382572C2B34DE00DB7B27 /* ViewController.swift */,
			);
			path = View;
			sourceTree = "<group>";
		};
		C543826B2C2B36AB00DB7B27 /* Controller */ = {
			isa = PBXGroup;
			children = (
			);
			path = Controller;
			sourceTree = "<group>";
		};
		C543826C2C2B36B400DB7B27 /* Model */ = {
			isa = PBXGroup;
			children = (
			);
			path = Model;
			sourceTree = "<group>";
		};
		C54382722C2B39EE00DB7B27 /* DataBase */ = {
			isa = PBXGroup;
			children = (
				C54382732C2B39F700DB7B27 /* ModelData */,
			);
			path = DataBase;
			sourceTree = "<group>";
		};
		C54382732C2B39F700DB7B27 /* ModelData */ = {
			isa = PBXGroup;
			children = (
				C54382742C2B3A0D00DB7B27 /* Note.swift */,
				C54382762C2B3BCC00DB7B27 /* RealmManager.swift */,
			);
			path = ModelData;
			sourceTree = "<group>";
		};
/* End PBXGroup section */

/* Begin PBXNativeTarget section */
		C543824F2C2B34DE00DB7B27 /* RealmProject */ = {
			isa = PBXNativeTarget;
			buildConfigurationList = C54382642C2B34DF00DB7B27 /* Build configuration list for PBXNativeTarget "RealmProject" */;
			buildPhases = (
				C543824C2C2B34DE00DB7B27 /* Sources */,
				C543824D2C2B34DE00DB7B27 /* Frameworks */,
				C543824E2C2B34DE00DB7B27 /* Resources */,
			);
			buildRules = (
			);
			dependencies = (
			);
			name = RealmProject;
			packageProductDependencies = (
				C54382702C2B394D00DB7B27 /* RealmSwift */,
			);
			productName = RealmProject;
			productReference = C54382502C2B34DE00DB7B27 /* RealmProject.app */;
			productType = "com.apple.product-type.application";
		};
/* End PBXNativeTarget section */

/* Begin PBXProject section */
		C54382482C2B34DE00DB7B27 /* Project object */ = {
			isa = PBXProject;
			attributes = {
				BuildIndependentTargetsInParallel = 1;
				LastSwiftUpdateCheck = 1540;
				LastUpgradeCheck = 1540;
				TargetAttributes = {
					C543824F2C2B34DE00DB7B27 = {
						CreatedOnToolsVersion = 15.4;
					};
				};
			};
			buildConfigurationList = C543824B2C2B34DE00DB7B27 /* Build configuration list for PBXProject "RealmProject" */;
			compatibilityVersion = "Xcode 14.0";
			developmentRegion = en;
			hasScannedForEncodings = 0;
			knownRegions = (
				en,
				Base,
			);
			mainGroup = C54382472C2B34DE00DB7B27;
			packageReferences = (
				C543826D2C2B394D00DB7B27 /* XCRemoteSwiftPackageReference "realm-swift" */,
			);
			productRefGroup = C54382512C2B34DE00DB7B27 /* Products */;
			projectDirPath = "";
			projectRoot = "";
			targets = (
				C543824F2C2B34DE00DB7B27 /* RealmProject */,
			);
		};
/* End PBXProject section */

/* Begin PBXResourcesBuildPhase section */
		C543824E2C2B34DE00DB7B27 /* Resources */ = {
			isa = PBXResourcesBuildPhase;
			buildActionMask = 2147483647;
			files = (
				C543825D2C2B34DF00DB7B27 /* Assets.xcassets in Resources */,
				C54382602C2B34DF00DB7B27 /* Base in Resources */,
			);
			runOnlyForDeploymentPostprocessing = 0;
		};
/* End PBXResourcesBuildPhase section */

/* Begin PBXSourcesBuildPhase section */
		C543824C2C2B34DE00DB7B27 /* Sources */ = {
			isa = PBXSourcesBuildPhase;
			buildActionMask = 2147483647;
			files = (
				C54382752C2B3A0D00DB7B27 /* Note.swift in Sources */,
				C54382582C2B34DE00DB7B27 /* ViewController.swift in Sources */,
				C54382772C2B3BCC00DB7B27 /* RealmManager.swift in Sources */,
				C54382542C2B34DE00DB7B27 /* AppDelegate.swift in Sources */,
				C54382562C2B34DE00DB7B27 /* SceneDelegate.swift in Sources */,
			);
			runOnlyForDeploymentPostprocessing = 0;
		};
/* End PBXSourcesBuildPhase section */

/* Begin PBXVariantGroup section */
		C543825E2C2B34DF00DB7B27 /* LaunchScreen.storyboard */ = {
			isa = PBXVariantGroup;
			children = (
				C543825F2C2B34DF00DB7B27 /* Base */,
			);
			name = LaunchScreen.storyboard;
			sourceTree = "<group>";
		};
/* End PBXVariantGroup section */

/* Begin XCBuildConfiguration section */
		C54382622C2B34DF00DB7B27 /* Debug */ = {
			isa = XCBuildConfiguration;
			buildSettings = {
				ALWAYS_SEARCH_USER_PATHS = NO;
				ASSETCATALOG_COMPILER_GENERATE_SWIFT_ASSET_SYMBOL_EXTENSIONS = YES;
				CLANG_ANALYZER_NONNULL = YES;
				CLANG_ANALYZER_NUMBER_OBJECT_CONVERSION = YES_AGGRESSIVE;
				CLANG_CXX_LANGUAGE_STANDARD = "gnu++20";
				CLANG_ENABLE_MODULES = YES;
				CLANG_ENABLE_OBJC_ARC = YES;
				CLANG_ENABLE_OBJC_WEAK = YES;
				CLANG_WARN_BLOCK_CAPTURE_AUTORELEASING = YES;
				CLANG_WARN_BOOL_CONVERSION = YES;
				CLANG_WARN_COMMA = YES;
				CLANG_WARN_CONSTANT_CONVERSION = YES;
				CLANG_WARN_DEPRECATED_OBJC_IMPLEMENTATIONS = YES;
				CLANG_WARN_DIRECT_OBJC_ISA_USAGE = YES_ERROR;
				CLANG_WARN_DOCUMENTATION_COMMENTS = YES;
				CLANG_WARN_EMPTY_BODY = YES;
				CLANG_WARN_ENUM_CONVERSION = YES;
				CLANG_WARN_INFINITE_RECURSION = YES;
				CLANG_WARN_INT_CONVERSION = YES;
				CLANG_WARN_NON_LITERAL_NULL_CONVERSION = YES;
				CLANG_WARN_OBJC_IMPLICIT_RETAIN_SELF = YES;
				CLANG_WARN_OBJC_LITERAL_CONVERSION = YES;
				CLANG_WARN_OBJC_ROOT_CLASS = YES_ERROR;
				CLANG_WARN_QUOTED_INCLUDE_IN_FRAMEWORK_HEADER = YES;
				CLANG_WARN_RANGE_LOOP_ANALYSIS = YES;
				CLANG_WARN_STRICT_PROTOTYPES = YES;
				CLANG_WARN_SUSPICIOUS_MOVE = YES;
				CLANG_WARN_UNGUARDED_AVAILABILITY = YES_AGGRESSIVE;
				CLANG_WARN_UNREACHABLE_CODE = YES;
				CLANG_WARN__DUPLICATE_METHOD_MATCH = YES;
				COPY_PHASE_STRIP = NO;
				DEBUG_INFORMATION_FORMAT = dwarf;
				ENABLE_STRICT_OBJC_MSGSEND = YES;
				ENABLE_TESTABILITY = YES;
				ENABLE_USER_SCRIPT_SANDBOXING = YES;
				GCC_C_LANGUAGE_STANDARD = gnu17;
				GCC_DYNAMIC_NO_PIC = NO;
				GCC_NO_COMMON_BLOCKS = YES;
				GCC_OPTIMIZATION_LEVEL = 0;
				GCC_PREPROCESSOR_DEFINITIONS = (
					"DEBUG=1",
					"$(inherited)",
				);
				GCC_WARN_64_TO_32_BIT_CONVERSION = YES;
				GCC_WARN_ABOUT_RETURN_TYPE = YES_ERROR;
				GCC_WARN_UNDECLARED_SELECTOR = YES;
				GCC_WARN_UNINITIALIZED_AUTOS = YES_AGGRESSIVE;
				GCC_WARN_UNUSED_FUNCTION = YES;
				GCC_WARN_UNUSED_VARIABLE = YES;
				IPHONEOS_DEPLOYMENT_TARGET = 17.5;
				LOCALIZATION_PREFERS_STRING_CATALOGS = YES;
				MTL_ENABLE_DEBUG_INFO = INCLUDE_SOURCE;
				MTL_FAST_MATH = YES;
				ONLY_ACTIVE_ARCH = YES;
				SDKROOT = iphoneos;
				SWIFT_ACTIVE_COMPILATION_CONDITIONS = "DEBUG $(inherited)";
				SWIFT_OPTIMIZATION_LEVEL = "-Onone";
			};
			name = Debug;
		};
		C54382632C2B34DF00DB7B27 /* Release */ = {
			isa = XCBuildConfiguration;
			buildSettings = {
				ALWAYS_SEARCH_USER_PATHS = NO;
				ASSETCATALOG_COMPILER_GENERATE_SWIFT_ASSET_SYMBOL_EXTENSIONS = YES;
				CLANG_ANALYZER_NONNULL = YES;
				CLANG_ANALYZER_NUMBER_OBJECT_CONVERSION = YES_AGGRESSIVE;
				CLANG_CXX_LANGUAGE_STANDARD = "gnu++20";
				CLANG_ENABLE_MODULES = YES;
				CLANG_ENABLE_OBJC_ARC = YES;
				CLANG_ENABLE_OBJC_WEAK = YES;
				CLANG_WARN_BLOCK_CAPTURE_AUTORELEASING = YES;
				CLANG_WARN_BOOL_CONVERSION = YES;
				CLANG_WARN_COMMA = YES;
				CLANG_WARN_CONSTANT_CONVERSION = YES;
				CLANG_WARN_DEPRECATED_OBJC_IMPLEMENTATIONS = YES;
				CLANG_WARN_DIRECT_OBJC_ISA_USAGE = YES_ERROR;
				CLANG_WARN_DOCUMENTATION_COMMENTS = YES;
				CLANG_WARN_EMPTY_BODY = YES;
				CLANG_WARN_ENUM_CONVERSION = YES;
				CLANG_WARN_INFINITE_RECURSION = YES;
				CLANG_WARN_INT_CONVERSION = YES;
				CLANG_WARN_NON_LITERAL_NULL_CONVERSION = YES;
				CLANG_WARN_OBJC_IMPLICIT_RETAIN_SELF = YES;
				CLANG_WARN_OBJC_LITERAL_CONVERSION = YES;
				CLANG_WARN_OBJC_ROOT_CLASS = YES_ERROR;
				CLANG_WARN_QUOTED_INCLUDE_IN_FRAMEWORK_HEADER = YES;
				CLANG_WARN_RANGE_LOOP_ANALYSIS = YES;
				CLANG_WARN_STRICT_PROTOTYPES = YES;
				CLANG_WARN_SUSPICIOUS_MOVE = YES;
				CLANG_WARN_UNGUARDED_AVAILABILITY = YES_AGGRESSIVE;
				CLANG_WARN_UNREACHABLE_CODE = YES;
				CLANG_WARN__DUPLICATE_METHOD_MATCH = YES;
				COPY_PHASE_STRIP = NO;
				DEBUG_INFORMATION_FORMAT = "dwarf-with-dsym";
				ENABLE_NS_ASSERTIONS = NO;
				ENABLE_STRICT_OBJC_MSGSEND = YES;
				ENABLE_USER_SCRIPT_SANDBOXING = YES;
				GCC_C_LANGUAGE_STANDARD = gnu17;
				GCC_NO_COMMON_BLOCKS = YES;
				GCC_WARN_64_TO_32_BIT_CONVERSION = YES;
				GCC_WARN_ABOUT_RETURN_TYPE = YES_ERROR;
				GCC_WARN_UNDECLARED_SELECTOR = YES;
				GCC_WARN_UNINITIALIZED_AUTOS = YES_AGGRESSIVE;
				GCC_WARN_UNUSED_FUNCTION = YES;
				GCC_WARN_UNUSED_VARIABLE = YES;
				IPHONEOS_DEPLOYMENT_TARGET = 17.5;
				LOCALIZATION_PREFERS_STRING_CATALOGS = YES;
				MTL_ENABLE_DEBUG_INFO = NO;
				MTL_FAST_MATH = YES;
				SDKROOT = iphoneos;
				SWIFT_COMPILATION_MODE = wholemodule;
				VALIDATE_PRODUCT = YES;
			};
			name = Release;
		};
		C54382652C2B34DF00DB7B27 /* Debug */ = {
			isa = XCBuildConfiguration;
			buildSettings = {
				ASSETCATALOG_COMPILER_APPICON_NAME = AppIcon;
				ASSETCATALOG_COMPILER_GLOBAL_ACCENT_COLOR_NAME = AccentColor;
				CODE_SIGN_STYLE = Automatic;
				CURRENT_PROJECT_VERSION = 1;
				DEVELOPMENT_TEAM = U2S6URFDMC;
				GENERATE_INFOPLIST_FILE = YES;
				INFOPLIST_FILE = RealmProject/Info.plist;
				INFOPLIST_KEY_UIApplicationSupportsIndirectInputEvents = YES;
				INFOPLIST_KEY_UILaunchStoryboardName = LaunchScreen;
				INFOPLIST_KEY_UISupportedInterfaceOrientations_iPad = "UIInterfaceOrientationPortrait UIInterfaceOrientationPortraitUpsideDown UIInterfaceOrientationLandscapeLeft UIInterfaceOrientationLandscapeRight";
				INFOPLIST_KEY_UISupportedInterfaceOrientations_iPhone = "UIInterfaceOrientationPortrait UIInterfaceOrientationLandscapeLeft UIInterfaceOrientationLandscapeRight";
				LD_RUNPATH_SEARCH_PATHS = (
					"$(inherited)",
					"@executable_path/Frameworks",
				);
				MARKETING_VERSION = 1.0;
				PRODUCT_BUNDLE_IDENTIFIER = com.igorKrysin.RealmProject;
				PRODUCT_NAME = "$(TARGET_NAME)";
				SWIFT_EMIT_LOC_STRINGS = YES;
				SWIFT_VERSION = 5.0;
				TARGETED_DEVICE_FAMILY = "1,2";
			};
			name = Debug;
		};
		C54382662C2B34DF00DB7B27 /* Release */ = {
			isa = XCBuildConfiguration;
			buildSettings = {
				ASSETCATALOG_COMPILER_APPICON_NAME = AppIcon;
				ASSETCATALOG_COMPILER_GLOBAL_ACCENT_COLOR_NAME = AccentColor;
				CODE_SIGN_STYLE = Automatic;
				CURRENT_PROJECT_VERSION = 1;
				DEVELOPMENT_TEAM = U2S6URFDMC;
				GENERATE_INFOPLIST_FILE = YES;
				INFOPLIST_FILE = RealmProject/Info.plist;
				INFOPLIST_KEY_UIApplicationSupportsIndirectInputEvents = YES;
				INFOPLIST_KEY_UILaunchStoryboardName = LaunchScreen;
				INFOPLIST_KEY_UISupportedInterfaceOrientations_iPad = "UIInterfaceOrientationPortrait UIInterfaceOrientationPortraitUpsideDown UIInterfaceOrientationLandscapeLeft UIInterfaceOrientationLandscapeRight";
				INFOPLIST_KEY_UISupportedInterfaceOrientations_iPhone = "UIInterfaceOrientationPortrait UIInterfaceOrientationLandscapeLeft UIInterfaceOrientationLandscapeRight";
				LD_RUNPATH_SEARCH_PATHS = (
					"$(inherited)",
					"@executable_path/Frameworks",
				);
				MARKETING_VERSION = 1.0;
				PRODUCT_BUNDLE_IDENTIFIER = com.igorKrysin.RealmProject;
				PRODUCT_NAME = "$(TARGET_NAME)";
				SWIFT_EMIT_LOC_STRINGS = YES;
				SWIFT_VERSION = 5.0;
				TARGETED_DEVICE_FAMILY = "1,2";
			};
			name = Release;
		};
/* End XCBuildConfiguration section */

/* Begin XCConfigurationList section */
		C543824B2C2B34DE00DB7B27 /* Build configuration list for PBXProject "RealmProject" */ = {
			isa = XCConfigurationList;
			buildConfigurations = (
				C54382622C2B34DF00DB7B27 /* Debug */,
				C54382632C2B34DF00DB7B27 /* Release */,
			);
			defaultConfigurationIsVisible = 0;
			defaultConfigurationName = Release;
		};
		C54382642C2B34DF00DB7B27 /* Build configuration list for PBXNativeTarget "RealmProject" */ = {
			isa = XCConfigurationList;
			buildConfigurations = (
				C54382652C2B34DF00DB7B27 /* Debug */,
				C54382662C2B34DF00DB7B27 /* Release */,
			);
			defaultConfigurationIsVisible = 0;
			defaultConfigurationName = Release;
		};
/* End XCConfigurationList section */

/* Begin XCRemoteSwiftPackageReference section */
		C543826D2C2B394D00DB7B27 /* XCRemoteSwiftPackageReference "realm-swift" */ = {
			isa = XCRemoteSwiftPackageReference;
			repositoryURL = "https://github.com/realm/realm-swift.git";
			requirement = {
				branch = master;
				kind = branch;
			};
		};
/* End XCRemoteSwiftPackageReference section */

/* Begin XCSwiftPackageProductDependency section */
		C54382702C2B394D00DB7B27 /* RealmSwift */ = {
			isa = XCSwiftPackageProductDependency;
			package = C543826D2C2B394D00DB7B27 /* XCRemoteSwiftPackageReference "realm-swift" */;
			productName = RealmSwift;
		};
/* End XCSwiftPackageProductDependency section */
	};
	rootObject = C54382482C2B34DE00DB7B27 /* Project object */;
}
